
Microsoft Visual Studio Solution File, Format Version 12.00
# Visual Studio Version 17
VisualStudioVersion = 17.6.33815.320
MinimumVisualStudioVersion = 10.0.40219.1
Project("{FAE04EC0-301F-11D3-BF4B-00C04F79EFBC}") = "Dotnet-RPG", "Dotnet-RPG\Dotnet-RPG.csproj", "{B148AF2B-BC50-4A48-90C3-97E2667AE898}"
EndProject
Global
	GlobalSection(SolutionConfigurationPlatforms) = preSolution
		Debug|Any CPU = Debug|Any CPU
		Release|Any CPU = Release|Any CPU
	EndGlobalSection
	GlobalSection(ProjectConfigurationPlatforms) = postSolution
		{B148AF2B-BC50-4A48-90C3-97E2667AE898}.Debug|Any CPU.ActiveCfg = Debug|Any CPU
		{B148AF2B-BC50-4A48-90C3-97E2667AE898}.Debug|Any CPU.Build.0 = Debug|Any CPU
		{B148AF2B-BC50-4A48-90C3-97E2667AE898}.Release|Any CPU.ActiveCfg = Release|Any CPU
		{B148AF2B-BC50-4A48-90C3-97E2667AE898}.Release|Any CPU.Build.0 = Release|Any CPU
	EndGlobalSection
	GlobalSection(SolutionProperties) = preSolution
		HideSolutionNode = FALSE
	EndGlobalSection
	GlobalSection(ExtensibilityGlobals) = postSolution
		SolutionGuid = {63666D8A-5775-4788-BFE9-D246F34DDC66}
	EndGlobalSection
EndGlobal
